// !$*UTF8*$!
{
	archiveVersion = 1;
	classes = {
	};
	objectVersion = 50;
	objects = {

/* Begin PBXBuildFile section */
		BD465C7523F23C7B004E7C42 /* main.swift in Sources */ = {isa = PBXBuildFile; fileRef = BD465C7423F23C7B004E7C42 /* main.swift */; };
		BD465C7C23F23C8D004E7C42 /* person.swift in Sources */ = {isa = PBXBuildFile; fileRef = BD465C7B23F23C8D004E7C42 /* person.swift */; };
		BD465C7E23F23CCF004E7C42 /* customers.swift in Sources */ = {isa = PBXBuildFile; fileRef = BD465C7D23F23CCF004E7C42 /* customers.swift */; };
		BD465C8023F23CE3004E7C42 /* drivers.swift in Sources */ = {isa = PBXBuildFile; fileRef = BD465C7F23F23CE3004E7C42 /* drivers.swift */; };
		BD465C8223F23D08004E7C42 /* vehicles.swift in Sources */ = {isa = PBXBuildFile; fileRef = BD465C8123F23D08004E7C42 /* vehicles.swift */; };
		BDC8BCB123F3B81E003786FB /* Owner.swift in Sources */ = {isa = PBXBuildFile; fileRef = BDC8BCB023F3B81E003786FB /* Owner.swift */; };
		BDC8BCB323F3B838003786FB /* Bus.swift in Sources */ = {isa = PBXBuildFile; fileRef = BDC8BCB223F3B838003786FB /* Bus.swift */; };
		BDC8BCB523F3B84B003786FB /* Car.swift in Sources */ = {isa = PBXBuildFile; fileRef = BDC8BCB423F3B84B003786FB /* Car.swift */; };
		BDC8BCB723F3B88A003786FB /* MotorCycle.swift in Sources */ = {isa = PBXBuildFile; fileRef = BDC8BCB623F3B88A003786FB /* MotorCycle.swift */; };
		BDC8BCB923F3B99D003786FB /* vehicleRent.swift in Sources */ = {isa = PBXBuildFile; fileRef = BDC8BCB823F3B99D003786FB /* vehicleRent.swift */; };
		BDC8BCBF23F3BBAC003786FB /* DisplayDelegate.swift in Sources */ = {isa = PBXBuildFile; fileRef = BDC8BCBE23F3BBAC003786FB /* DisplayDelegate.swift */; };
/* End PBXBuildFile section */

/* Begin PBXCopyFilesBuildPhase section */
		BD465C6F23F23C7B004E7C42 /* CopyFiles */ = {
			isa = PBXCopyFilesBuildPhase;
			buildActionMask = 2147483647;
			dstPath = /usr/share/man/man1/;
			dstSubfolderSpec = 0;
			files = (
			);
			runOnlyForDeploymentPostprocessing = 1;
		};
/* End PBXCopyFilesBuildPhase section */

/* Begin PBXFileReference section */
		BD465C7123F23C7B004E7C42 /* Vichle  Renting System */ = {isa = PBXFileReference; explicitFileType = "compiled.mach-o.executable"; includeInIndex = 0; path = "Vichle  Renting System"; sourceTree = BUILT_PRODUCTS_DIR; };
		BD465C7423F23C7B004E7C42 /* main.swift */ = {isa = PBXFileReference; lastKnownFileType = sourcecode.swift; path = main.swift; sourceTree = "<group>"; };
		BD465C7B23F23C8D004E7C42 /* person.swift */ = {isa = PBXFileReference; lastKnownFileType = sourcecode.swift; path = person.swift; sourceTree = "<group>"; };
		BD465C7D23F23CCF004E7C42 /* customers.swift */ = {isa = PBXFileReference; lastKnownFileType = sourcecode.swift; path = customers.swift; sourceTree = "<group>"; };
		BD465C7F23F23CE3004E7C42 /* drivers.swift */ = {isa = PBXFileReference; lastKnownFileType = sourcecode.swift; path = drivers.swift; sourceTree = "<group>"; };
		BD465C8123F23D08004E7C42 /* vehicles.swift */ = {isa = PBXFileReference; lastKnownFileType = sourcecode.swift; path = vehicles.swift; sourceTree = "<group>"; };
		BDC8BCB023F3B81E003786FB /* Owner.swift */ = {isa = PBXFileReference; lastKnownFileType = sourcecode.swift; path = Owner.swift; sourceTree = "<group>"; };
		BDC8BCB223F3B838003786FB /* Bus.swift */ = {isa = PBXFileReference; lastKnownFileType = sourcecode.swift; path = Bus.swift; sourceTree = "<group>"; };
		BDC8BCB423F3B84B003786FB /* Car.swift */ = {isa = PBXFileReference; lastKnownFileType = sourcecode.swift; path = Car.swift; sourceTree = "<group>"; };
		BDC8BCB623F3B88A003786FB /* MotorCycle.swift */ = {isa = PBXFileReference; lastKnownFileType = sourcecode.swift; path = MotorCycle.swift; sourceTree = "<group>"; };
		BDC8BCB823F3B99D003786FB /* vehicleRent.swift */ = {isa = PBXFileReference; lastKnownFileType = sourcecode.swift; path = vehicleRent.swift; sourceTree = "<group>"; };
		BDC8BCBE23F3BBAC003786FB /* DisplayDelegate.swift */ = {isa = PBXFileReference; lastKnownFileType = sourcecode.swift; path = DisplayDelegate.swift; sourceTree = "<group>"; };
/* End PBXFileReference section */

/* Begin PBXFrameworksBuildPhase section */
		BD465C6E23F23C7B004E7C42 /* Frameworks */ = {
			isa = PBXFrameworksBuildPhase;
			buildActionMask = 2147483647;
			files = (
			);
			runOnlyForDeploymentPostprocessing = 0;
		};
/* End PBXFrameworksBuildPhase section */

/* Begin PBXGroup section */
		BD465C6823F23C7B004E7C42 = {
			isa = PBXGroup;
			children = (
				BD465C7323F23C7B004E7C42 /* Vichle  Renting System */,
				BD465C7223F23C7B004E7C42 /* Products */,
			);
			sourceTree = "<group>";
		};
		BD465C7223F23C7B004E7C42 /* Products */ = {
			isa = PBXGroup;
			children = (
				BD465C7123F23C7B004E7C42 /* Vichle  Renting System */,
			);
			name = Products;
			sourceTree = "<group>";
		};
		BD465C7323F23C7B004E7C42 /* Vichle  Renting System */ = {
			isa = PBXGroup;
			children = (
				BD94BAA623FE2100005E9AD1 /* Person */,
				BD465C8123F23D08004E7C42 /* vehicles.swift */,
				BDC8BCB223F3B838003786FB /* Bus.swift */,
				BDC8BCB423F3B84B003786FB /* Car.swift */,
				BDC8BCB623F3B88A003786FB /* MotorCycle.swift */,
				BDC8BCB823F3B99D003786FB /* vehicleRent.swift */,
				BDC8BCBE23F3BBAC003786FB /* DisplayDelegate.swift */,
				BD465C7423F23C7B004E7C42 /* main.swift */,
			);
			path = "Vichle  Renting System";
			sourceTree = "<group>";
		};
		BD94BAA623FE2100005E9AD1 /* Person */ = {
			isa = PBXGroup;
			children = (
				BD465C7B23F23C8D004E7C42 /* person.swift */,
				BD465C7F23F23CE3004E7C42 /* drivers.swift */,
				BD465C7D23F23CCF004E7C42 /* customers.swift */,
				BDC8BCB023F3B81E003786FB /* Owner.swift */,
			);
			path = Person;
			sourceTree = "<group>";
		};
/* End PBXGroup section */

/* Begin PBXNativeTarget section */
		BD465C7023F23C7B004E7C42 /* Vichle  Renting System */ = {
			isa = PBXNativeTarget;
			buildConfigurationList = BD465C7823F23C7B004E7C42 /* Build configuration list for PBXNativeTarget "Vichle  Renting System" */;
			buildPhases = (
				BD465C6D23F23C7B004E7C42 /* Sources */,
				BD465C6E23F23C7B004E7C42 /* Frameworks */,
				BD465C6F23F23C7B004E7C42 /* CopyFiles */,
			);
			buildRules = (
			);
			dependencies = (
			);
			name = "Vichle  Renting System";
			productName = "Vichle  Renting System";
			productReference = BD465C7123F23C7B004E7C42 /* Vichle  Renting System */;
			productType = "com.apple.product-type.tool";
		};
/* End PBXNativeTarget section */

/* Begin PBXProject section */
		BD465C6923F23C7B004E7C42 /* Project object */ = {
			isa = PBXProject;
			attributes = {
				LastSwiftUpdateCheck = 1130;
				LastUpgradeCheck = 1130;
				ORGANIZATIONNAME = "MANBEER KAUR";
				TargetAttributes = {
					BD465C7023F23C7B004E7C42 = {
						CreatedOnToolsVersion = 11.3.1;
					};
				};
			};
			buildConfigurationList = BD465C6C23F23C7B004E7C42 /* Build configuration list for PBXProject "Vichle  Renting System" */;
			compatibilityVersion = "Xcode 9.3";
			developmentRegion = en;
			hasScannedForEncodings = 0;
			knownRegions = (
				en,
				Base,
			);
			mainGroup = BD465C6823F23C7B004E7C42;
			productRefGroup = BD465C7223F23C7B004E7C42 /* Products */;
			projectDirPath = "";
			projectRoot = "";
			targets = (
				BD465C7023F23C7B004E7C42 /* Vichle  Renting System */,
			);
		};
/* End PBXProject section */

/* Begin PBXSourcesBuildPhase section */
		BD465C6D23F23C7B004E7C42 /* Sources */ = {
			isa = PBXSourcesBuildPhase;
			buildActionMask = 2147483647;
			files = (
				BDC8BCB323F3B838003786FB /* Bus.swift in Sources */,
				BDC8BCBF23F3BBAC003786FB /* DisplayDelegate.swift in Sources */,
				BD465C7C23F23C8D004E7C42 /* person.swift in Sources */,
				BDC8BCB523F3B84B003786FB /* Car.swift in Sources */,
				BDC8BCB123F3B81E003786FB /* Owner.swift in Sources */,
				BD465C7E23F23CCF004E7C42 /* customers.swift in Sources */,
				BDC8BCB723F3B88A003786FB /* MotorCycle.swift in Sources */,
				BD465C7523F23C7B004E7C42 /* main.swift in Sources */,
				BD465C8223F23D08004E7C42 /* vehicles.swift in Sources */,
				BD465C8023F23CE3004E7C42 /* drivers.swift in Sources */,
				BDC8BCB923F3B99D003786FB /* vehicleRent.swift in Sources */,
			);
			runOnlyForDeploymentPostprocessing = 0;
		};
/* End PBXSourcesBuildPhase section */

/* Begin XCBuildConfiguration section */
		BD465C7623F23C7B004E7C42 /* Debug */ = {
			isa = XCBuildConfiguration;
			buildSettings = {
				ALWAYS_SEARCH_USER_PATHS = NO;
				CLANG_ANALYZER_NONNULL = YES;
				CLANG_ANALYZER_NUMBER_OBJECT_CONVERSION = YES_AGGRESSIVE;
				CLANG_CXX_LANGUAGE_STANDARD = "gnu++14";
				CLANG_CXX_LIBRARY = "libc++";
				CLANG_ENABLE_MODULES = YES;
				CLANG_ENABLE_OBJC_ARC = YES;
				CLANG_ENABLE_OBJC_WEAK = YES;
				CLANG_WARN_BLOCK_CAPTURE_AUTORELEASING = YES;
				CLANG_WARN_BOOL_CONVERSION = YES;
				CLANG_WARN_COMMA = YES;
				CLANG_WARN_CONSTANT_CONVERSION = YES;
				CLANG_WARN_DEPRECATED_OBJC_IMPLEMENTATIONS = YES;
				CLANG_WARN_DIRECT_OBJC_ISA_USAGE = YES_ERROR;
				CLANG_WARN_DOCUMENTATION_COMMENTS = YES;
				CLANG_WARN_EMPTY_BODY = YES;
				CLANG_WARN_ENUM_CONVERSION = YES;
				CLANG_WARN_INFINITE_RECURSION = YES;
				CLANG_WARN_INT_CONVERSION = YES;
				CLANG_WARN_NON_LITERAL_NULL_CONVERSION = YES;
				CLANG_WARN_OBJC_IMPLICIT_RETAIN_SELF = YES;
				CLANG_WARN_OBJC_LITERAL_CONVERSION = YES;
				CLANG_WARN_OBJC_ROOT_CLASS = YES_ERROR;
				CLANG_WARN_RANGE_LOOP_ANALYSIS = YES;
				CLANG_WARN_STRICT_PROTOTYPES = YES;
				CLANG_WARN_SUSPICIOUS_MOVE = YES;
				CLANG_WARN_UNGUARDED_AVAILABILITY = YES_AGGRESSIVE;
				CLANG_WARN_UNREACHABLE_CODE = YES;
				CLANG_WARN__DUPLICATE_METHOD_MATCH = YES;
				COPY_PHASE_STRIP = NO;
				DEBUG_INFORMATION_FORMAT = dwarf;
				ENABLE_STRICT_OBJC_MSGSEND = YES;
				ENABLE_TESTABILITY = YES;
				GCC_C_LANGUAGE_STANDARD = gnu11;
				GCC_DYNAMIC_NO_PIC = NO;
				GCC_NO_COMMON_BLOCKS = YES;
				GCC_OPTIMIZATION_LEVEL = 0;
				GCC_PREPROCESSOR_DEFINITIONS = (
					"DEBUG=1",
					"$(inherited)",
				);
				GCC_WARN_64_TO_32_BIT_CONVERSION = YES;
				GCC_WARN_ABOUT_RETURN_TYPE = YES_ERROR;
				GCC_WARN_UNDECLARED_SELECTOR = YES;
				GCC_WARN_UNINITIALIZED_AUTOS = YES_AGGRESSIVE;
				GCC_WARN_UNUSED_FUNCTION = YES;
				GCC_WARN_UNUSED_VARIABLE = YES;
				MACOSX_DEPLOYMENT_TARGET = 10.15;
				MTL_ENABLE_DEBUG_INFO = INCLUDE_SOURCE;
				MTL_FAST_MATH = YES;
				ONLY_ACTIVE_ARCH = YES;
				SDKROOT = macosx;
				SWIFT_ACTIVE_COMPILATION_CONDITIONS = DEBUG;
				SWIFT_OPTIMIZATION_LEVEL = "-Onone";
			};
			name = Debug;
		};
		BD465C7723F23C7B004E7C42 /* Release */ = {
			isa = XCBuildConfiguration;
			buildSettings = {
				ALWAYS_SEARCH_USER_PATHS = NO;
				CLANG_ANALYZER_NONNULL = YES;
				CLANG_ANALYZER_NUMBER_OBJECT_CONVERSION = YES_AGGRESSIVE;
				CLANG_CXX_LANGUAGE_STANDARD = "gnu++14";
				CLANG_CXX_LIBRARY = "libc++";
				CLANG_ENABLE_MODULES = YES;
				CLANG_ENABLE_OBJC_ARC = YES;
				CLANG_ENABLE_OBJC_WEAK = YES;
				CLANG_WARN_BLOCK_CAPTURE_AUTORELEASING = YES;
				CLANG_WARN_BOOL_CONVERSION = YES;
				CLANG_WARN_COMMA = YES;
				CLANG_WARN_CONSTANT_CONVERSION = YES;
				CLANG_WARN_DEPRECATED_OBJC_IMPLEMENTATIONS = YES;
				CLANG_WARN_DIRECT_OBJC_ISA_USAGE = YES_ERROR;
				CLANG_WARN_DOCUMENTATION_COMMENTS = YES;
				CLANG_WARN_EMPTY_BODY = YES;
				CLANG_WARN_ENUM_CONVERSION = YES;
				CLANG_WARN_INFINITE_RECURSION = YES;
				CLANG_WARN_INT_CONVERSION = YES;
				CLANG_WARN_NON_LITERAL_NULL_CONVERSION = YES;
				CLANG_WARN_OBJC_IMPLICIT_RETAIN_SELF = YES;
				CLANG_WARN_OBJC_LITERAL_CONVERSION = YES;
				CLANG_WARN_OBJC_ROOT_CLASS = YES_ERROR;
				CLANG_WARN_RANGE_LOOP_ANALYSIS = YES;
				CLANG_WARN_STRICT_PROTOTYPES = YES;
				CLANG_WARN_SUSPICIOUS_MOVE = YES;
				CLANG_WARN_UNGUARDED_AVAILABILITY = YES_AGGRESSIVE;
				CLANG_WARN_UNREACHABLE_CODE = YES;
				CLANG_WARN__DUPLICATE_METHOD_MATCH = YES;
				COPY_PHASE_STRIP = NO;
				DEBUG_INFORMATION_FORMAT = "dwarf-with-dsym";
				ENABLE_NS_ASSERTIONS = NO;
				ENABLE_STRICT_OBJC_MSGSEND = YES;
				GCC_C_LANGUAGE_STANDARD = gnu11;
				GCC_NO_COMMON_BLOCKS = YES;
				GCC_WARN_64_TO_32_BIT_CONVERSION = YES;
				GCC_WARN_ABOUT_RETURN_TYPE = YES_ERROR;
				GCC_WARN_UNDECLARED_SELECTOR = YES;
				GCC_WARN_UNINITIALIZED_AUTOS = YES_AGGRESSIVE;
				GCC_WARN_UNUSED_FUNCTION = YES;
				GCC_WARN_UNUSED_VARIABLE = YES;
				MACOSX_DEPLOYMENT_TARGET = 10.15;
				MTL_ENABLE_DEBUG_INFO = NO;
				MTL_FAST_MATH = YES;
				SDKROOT = macosx;
				SWIFT_COMPILATION_MODE = wholemodule;
				SWIFT_OPTIMIZATION_LEVEL = "-O";
			};
			name = Release;
		};
		BD465C7923F23C7B004E7C42 /* Debug */ = {
			isa = XCBuildConfiguration;
			buildSettings = {
				CODE_SIGN_STYLE = Automatic;
				PRODUCT_NAME = "$(TARGET_NAME)";
				SWIFT_VERSION = 5.0;
			};
			name = Debug;
		};
		BD465C7A23F23C7B004E7C42 /* Release */ = {
			isa = XCBuildConfiguration;
			buildSettings = {
				CODE_SIGN_STYLE = Automatic;
				PRODUCT_NAME = "$(TARGET_NAME)";
				SWIFT_VERSION = 5.0;
			};
			name = Release;
		};
/* End XCBuildConfiguration section */

/* Begin XCConfigurationList section */
		BD465C6C23F23C7B004E7C42 /* Build configuration list for PBXProject "Vichle  Renting System" */ = {
			isa = XCConfigurationList;
			buildConfigurations = (
				BD465C7623F23C7B004E7C42 /* Debug */,
				BD465C7723F23C7B004E7C42 /* Release */,
			);
			defaultConfigurationIsVisible = 0;
			defaultConfigurationName = Release;
		};
		BD465C7823F23C7B004E7C42 /* Build configuration list for PBXNativeTarget "Vichle  Renting System" */ = {
			isa = XCConfigurationList;
			buildConfigurations = (
				BD465C7923F23C7B004E7C42 /* Debug */,
				BD465C7A23F23C7B004E7C42 /* Release */,
			);
			defaultConfigurationIsVisible = 0;
			defaultConfigurationName = Release;
		};
/* End XCConfigurationList section */
	};
	rootObject = BD465C6923F23C7B004E7C42 /* Project object */;
}
